
Microsoft Visual Studio Solution File, Format Version 12.00
# Visual Studio Version 17
VisualStudioVersion = 17.0.31903.59
MinimumVisualStudioVersion = 10.0.40219.1
Project("{9A19103F-16F7-4668-BE54-9A1E7A4F7556}") = "PropertyRenting.DataAccessLayer", "PropertyRenting.DataAccessLayer\PropertyRenting.DataAccessLayer.csproj", "{B35D9BE9-6668-4BBA-B68A-891060953D4E}"
EndProject
Project("{9A19103F-16F7-4668-BE54-9A1E7A4F7556}") = "PropertyRenting.Membership", "PropertyRenting.Membership\PropertyRenting.Membership.csproj", "{78059764-8F5C-453B-85B0-ADDA93184F1A}"
EndProject
Project("{9A19103F-16F7-4668-BE54-9A1E7A4F7556}") = "PropertyRenting.Web", "PropertyRenting.Web\PropertyRenting.Web.csproj", "{0F2ADA95-788B-44FE-9957-46CFCFBCC07E}"
EndProject
Global
	GlobalSection(SolutionConfigurationPlatforms) = preSolution
		Debug|Any CPU = Debug|Any CPU
		Release|Any CPU = Release|Any CPU
	EndGlobalSection
	GlobalSection(ProjectConfigurationPlatforms) = postSolution
		{B35D9BE9-6668-4BBA-B68A-891060953D4E}.Debug|Any CPU.ActiveCfg = Debug|Any CPU
		{B35D9BE9-6668-4BBA-B68A-891060953D4E}.Debug|Any CPU.Build.0 = Debug|Any CPU
		{B35D9BE9-6668-4BBA-B68A-891060953D4E}.Release|Any CPU.ActiveCfg = Release|Any CPU
		{B35D9BE9-6668-4BBA-B68A-891060953D4E}.Release|Any CPU.Build.0 = Release|Any CPU
		{78059764-8F5C-453B-85B0-ADDA93184F1A}.Debug|Any CPU.ActiveCfg = Debug|Any CPU
		{78059764-8F5C-453B-85B0-ADDA93184F1A}.Debug|Any CPU.Build.0 = Debug|Any CPU
		{78059764-8F5C-453B-85B0-ADDA93184F1A}.Release|Any CPU.ActiveCfg = Release|Any CPU
		{78059764-8F5C-453B-85B0-ADDA93184F1A}.Release|Any CPU.Build.0 = Release|Any CPU
		{0F2ADA95-788B-44FE-9957-46CFCFBCC07E}.Debug|Any CPU.ActiveCfg = Debug|Any CPU
		{0F2ADA95-788B-44FE-9957-46CFCFBCC07E}.Debug|Any CPU.Build.0 = Debug|Any CPU
		{0F2ADA95-788B-44FE-9957-46CFCFBCC07E}.Release|Any CPU.ActiveCfg = Release|Any CPU
		{0F2ADA95-788B-44FE-9957-46CFCFBCC07E}.Release|Any CPU.Build.0 = Release|Any CPU
	EndGlobalSection
	GlobalSection(SolutionProperties) = preSolution
		HideSolutionNode = FALSE
	EndGlobalSection
	GlobalSection(ExtensibilityGlobals) = postSolution
		SolutionGuid = {30E0B5BE-3193-462E-BDFE-572C5E8D7248}
	EndGlobalSection
EndGlobal
